lockfileVersion: '6.0'

settings:
  autoInstallPeers: true
  excludeLinksFromLockfile: false

dependencies:
  core-js:
    specifier: ^3.32.1
    version: 3.32.1

packages:

  /core-js@3.32.1:
    resolution: {integrity: sha512-lqufgNn9NLnESg5mQeYsxQP5w7wrViSj0jr/kv6ECQiByzQkrn1MKvV0L3acttpDqfQrHLwr2KCMgX5b8X+lyQ==}
    requiresBuild: true
    dev: false
